<?xml version="1.0" encoding="utf-8"?>
<Project ToolsVersion="4.0" xmlns="http://schemas.microsoft.com/developer/msbuild/2003">
  <ItemGroup>
    <Filter Include="components">
      <UniqueIdentifier>{4d39ba9b-26bf-49f4-9b7d-0d48c56b85e8}</UniqueIdentifier>
    </Filter>
    <Filter Include="system">
      <UniqueIdentifier>{912ad0e5-6291-4236-b242-d5f8380dbc7b}</UniqueIdentifier>
    </Filter>
    <Filter Include="components\color">
      <UniqueIdentifier>{bde14b73-e163-4a00-9438-aa8c926b1438}</UniqueIdentifier>
    </Filter>
    <Filter Include="components\mesh">
      <UniqueIdentifier>{4f6644e8-1b8b-4b85-9b50-13a72a696951}</UniqueIdentifier>
    </Filter>
    <Filter Include="components\geo">
      <UniqueIdentifier>{36f6ead0-a4b6-4658-8e34-5898bd1711bc}</UniqueIdentifier>
    </Filter>
  </ItemGroup>
  <ItemGroup>
    <ClInclude Include="..\..\..\include\node2\predef.h" />
    <ClInclude Include="..\..\..\include\node2\config.h" />
    <ClInclude Include="..\..\..\include\node2\CompColorCommon.h">
      <Filter>components\color</Filter>
    </ClInclude>
    <ClInclude Include="..\..\..\include\node2\CompColorMap.h">
      <Filter>components\color</Filter>
    </ClInclude>
    <ClInclude Include="..\..\..\include\node2\CompBoundingBox.h">
      <Filter>components\geo</Filter>
    </ClInclude>
    <ClInclude Include="..\..\..\include\node2\CompTransform.h">
      <Filter>components\geo</Filter>
    </ClInclude>
    <ClInclude Include="..\..\..\include\node2\CompImage.h">
      <Filter>components\mesh</Filter>
    </ClInclude>
    <ClInclude Include="..\..\..\include\node2\CompText.h">
      <Filter>components\mesh</Filter>
    </ClInclude>
    <ClInclude Include="..\..\..\include\node2\CompSprite2.h">
      <Filter>components\mesh</Filter>
    </ClInclude>
    <ClInclude Include="..\..\..\include\node2\CompMask.h">
      <Filter>components\mesh</Filter>
    </ClInclude>
    <ClInclude Include="..\..\..\include\node2\NodeHelper.h">
      <Filter>system</Filter>
    </ClInclude>
    <ClInclude Include="..\..\..\include\node2\CompMesh.h">
      <Filter>components\mesh</Filter>
    </ClInclude>
    <ClInclude Include="..\..\..\include\node2\RenderSystem.h">
      <Filter>system</Filter>
    </ClInclude>
  </ItemGroup>
  <ItemGroup>
    <ClCompile Include="..\..\..\source\CompColorCommon.cpp">
      <Filter>components\color</Filter>
    </ClCompile>
    <ClCompile Include="..\..\..\source\CompColorMap.cpp">
      <Filter>components\color</Filter>
    </ClCompile>
    <ClCompile Include="..\..\..\source\CompBoundingBox.cpp">
      <Filter>components\geo</Filter>
    </ClCompile>
    <ClCompile Include="..\..\..\source\CompTransform.cpp">
      <Filter>components\geo</Filter>
    </ClCompile>
    <ClCompile Include="..\..\..\source\CompImage.cpp">
      <Filter>components\mesh</Filter>
    </ClCompile>
    <ClCompile Include="..\..\..\source\CompText.cpp">
      <Filter>components\mesh</Filter>
    </ClCompile>
    <ClCompile Include="..\..\..\source\CompSprite2.cpp">
      <Filter>components\mesh</Filter>
    </ClCompile>
    <ClCompile Include="..\..\..\source\CompMask.cpp">
      <Filter>components\mesh</Filter>
    </ClCompile>
    <ClCompile Include="..\..\..\source\NodeHelper.cpp">
      <Filter>system</Filter>
    </ClCompile>
    <ClCompile Include="..\..\..\source\CompMesh.cpp">
      <Filter>components\mesh</Filter>
    </ClCompile>
    <ClCompile Include="..\..\..\source\RenderSystem.cpp">
      <Filter>system</Filter>
    </ClCompile>
  </ItemGroup>
</Project>